// !$*UTF8*$!
{
	archiveVersion = 1;
	classes = {
	};
	objectVersion = 46;
	objects = {

/* Begin PBXBuildFile section */
		DB4D041B1A80CBF7001A43BB /* YOSEverpobreBaseClass.m in Sources */ = {isa = PBXBuildFile; fileRef = DB4D041A1A80CBF7001A43BB /* YOSEverpobreBaseClass.m */; };
		DB4D04221A80D0AE001A43BB /* YOSNote.m in Sources */ = {isa = PBXBuildFile; fileRef = DB4D041D1A80D0AE001A43BB /* YOSNote.m */; };
		DB4D04231A80D0AE001A43BB /* YOSNotebook.m in Sources */ = {isa = PBXBuildFile; fileRef = DB4D041F1A80D0AE001A43BB /* YOSNotebook.m */; };
		DB4D04241A80D0AE001A43BB /* YOSPhotoContainer.m in Sources */ = {isa = PBXBuildFile; fileRef = DB4D04211A80D0AE001A43BB /* YOSPhotoContainer.m */; };
		DB4D042D1A80D189001A43BB /* _YOSNote.m in Sources */ = {isa = PBXBuildFile; fileRef = DB4D04261A80D189001A43BB /* _YOSNote.m */; };
		DB4D042E1A80D189001A43BB /* _YOSNotebook.m in Sources */ = {isa = PBXBuildFile; fileRef = DB4D04281A80D189001A43BB /* _YOSNotebook.m */; };
		DB4D042F1A80D189001A43BB /* _YOSPhotoContainer.m in Sources */ = {isa = PBXBuildFile; fileRef = DB4D042A1A80D189001A43BB /* _YOSPhotoContainer.m */; };
		DB4D04301A80D189001A43BB /* Model.xcdatamodeld in Sources */ = {isa = PBXBuildFile; fileRef = DB4D042B1A80D189001A43BB /* Model.xcdatamodeld */; };
		DB4D04331A80D879001A43BB /* AGTCoreDataStack.m in Sources */ = {isa = PBXBuildFile; fileRef = DB4D04321A80D879001A43BB /* AGTCoreDataStack.m */; };
		DB4E8B6F1A7F916C00B5EC78 /* main.m in Sources */ = {isa = PBXBuildFile; fileRef = DB4E8B6E1A7F916C00B5EC78 /* main.m */; };
		DB4E8B721A7F916C00B5EC78 /* AppDelegate.m in Sources */ = {isa = PBXBuildFile; fileRef = DB4E8B711A7F916C00B5EC78 /* AppDelegate.m */; };
		DB4E8B741A7F916C00B5EC78 /* Images.xcassets in Resources */ = {isa = PBXBuildFile; fileRef = DB4E8B731A7F916C00B5EC78 /* Images.xcassets */; };
		DB4E8B771A7F916C00B5EC78 /* LaunchScreen.xib in Resources */ = {isa = PBXBuildFile; fileRef = DB4E8B751A7F916C00B5EC78 /* LaunchScreen.xib */; };
		DB4E8B831A7F916D00B5EC78 /* EverpobreTests.m in Sources */ = {isa = PBXBuildFile; fileRef = DB4E8B821A7F916D00B5EC78 /* EverpobreTests.m */; };
		DBD296871A82211100D0E5EE /* YOSNotebooksViewController.m in Sources */ = {isa = PBXBuildFile; fileRef = DBD296861A82211100D0E5EE /* YOSNotebooksViewController.m */; };
		DBD2968A1A8238F400D0E5EE /* AGTCoreDataTableViewController.m in Sources */ = {isa = PBXBuildFile; fileRef = DBD296891A8238F400D0E5EE /* AGTCoreDataTableViewController.m */; };
		DBD2968E1A823E2200D0E5EE /* UIViewController+Navigation.m in Sources */ = {isa = PBXBuildFile; fileRef = DBD2968D1A823E2200D0E5EE /* UIViewController+Navigation.m */; };
/* End PBXBuildFile section */

/* Begin PBXContainerItemProxy section */
		DB4E8B7D1A7F916C00B5EC78 /* PBXContainerItemProxy */ = {
			isa = PBXContainerItemProxy;
			containerPortal = DB4E8B611A7F916C00B5EC78 /* Project object */;
			proxyType = 1;
			remoteGlobalIDString = DB4E8B681A7F916C00B5EC78;
			remoteInfo = Everpobre;
		};
/* End PBXContainerItemProxy section */

/* Begin PBXFileReference section */
		DB4D04191A80CBF7001A43BB /* YOSEverpobreBaseClass.h */ = {isa = PBXFileReference; fileEncoding = 4; lastKnownFileType = sourcecode.c.h; name = YOSEverpobreBaseClass.h; path = Everpobre/YOSEverpobreBaseClass.h; sourceTree = "<group>"; };
		DB4D041A1A80CBF7001A43BB /* YOSEverpobreBaseClass.m */ = {isa = PBXFileReference; fileEncoding = 4; lastKnownFileType = sourcecode.c.objc; name = YOSEverpobreBaseClass.m; path = Everpobre/YOSEverpobreBaseClass.m; sourceTree = "<group>"; };
		DB4D041C1A80D0AE001A43BB /* YOSNote.h */ = {isa = PBXFileReference; fileEncoding = 4; lastKnownFileType = sourcecode.c.h; name = YOSNote.h; path = Everpobre/YOSNote.h; sourceTree = "<group>"; };
		DB4D041D1A80D0AE001A43BB /* YOSNote.m */ = {isa = PBXFileReference; fileEncoding = 4; lastKnownFileType = sourcecode.c.objc; name = YOSNote.m; path = Everpobre/YOSNote.m; sourceTree = "<group>"; };
		DB4D041E1A80D0AE001A43BB /* YOSNotebook.h */ = {isa = PBXFileReference; fileEncoding = 4; lastKnownFileType = sourcecode.c.h; name = YOSNotebook.h; path = Everpobre/YOSNotebook.h; sourceTree = "<group>"; };
		DB4D041F1A80D0AE001A43BB /* YOSNotebook.m */ = {isa = PBXFileReference; fileEncoding = 4; lastKnownFileType = sourcecode.c.objc; name = YOSNotebook.m; path = Everpobre/YOSNotebook.m; sourceTree = "<group>"; };
		DB4D04201A80D0AE001A43BB /* YOSPhotoContainer.h */ = {isa = PBXFileReference; fileEncoding = 4; lastKnownFileType = sourcecode.c.h; name = YOSPhotoContainer.h; path = Everpobre/YOSPhotoContainer.h; sourceTree = "<group>"; };
		DB4D04211A80D0AE001A43BB /* YOSPhotoContainer.m */ = {isa = PBXFileReference; fileEncoding = 4; lastKnownFileType = sourcecode.c.objc; name = YOSPhotoContainer.m; path = Everpobre/YOSPhotoContainer.m; sourceTree = "<group>"; };
		DB4D04251A80D189001A43BB /* _YOSNote.h */ = {isa = PBXFileReference; fileEncoding = 4; lastKnownFileType = sourcecode.c.h; name = _YOSNote.h; path = Everpobre/_YOSNote.h; sourceTree = "<group>"; };
		DB4D04261A80D189001A43BB /* _YOSNote.m */ = {isa = PBXFileReference; fileEncoding = 4; lastKnownFileType = sourcecode.c.objc; name = _YOSNote.m; path = Everpobre/_YOSNote.m; sourceTree = "<group>"; };
		DB4D04271A80D189001A43BB /* _YOSNotebook.h */ = {isa = PBXFileReference; fileEncoding = 4; lastKnownFileType = sourcecode.c.h; name = _YOSNotebook.h; path = Everpobre/_YOSNotebook.h; sourceTree = "<group>"; };
		DB4D04281A80D189001A43BB /* _YOSNotebook.m */ = {isa = PBXFileReference; fileEncoding = 4; lastKnownFileType = sourcecode.c.objc; name = _YOSNotebook.m; path = Everpobre/_YOSNotebook.m; sourceTree = "<group>"; };
		DB4D04291A80D189001A43BB /* _YOSPhotoContainer.h */ = {isa = PBXFileReference; fileEncoding = 4; lastKnownFileType = sourcecode.c.h; name = _YOSPhotoContainer.h; path = Everpobre/_YOSPhotoContainer.h; sourceTree = "<group>"; };
		DB4D042A1A80D189001A43BB /* _YOSPhotoContainer.m */ = {isa = PBXFileReference; fileEncoding = 4; lastKnownFileType = sourcecode.c.objc; name = _YOSPhotoContainer.m; path = Everpobre/_YOSPhotoContainer.m; sourceTree = "<group>"; };
		DB4D042C1A80D189001A43BB /* Model.xcdatamodel */ = {isa = PBXFileReference; lastKnownFileType = wrapper.xcdatamodel; path = Model.xcdatamodel; sourceTree = "<group>"; };
		DB4D04311A80D879001A43BB /* AGTCoreDataStack.h */ = {isa = PBXFileReference; fileEncoding = 4; lastKnownFileType = sourcecode.c.h; name = AGTCoreDataStack.h; path = Everpobre/AGTCoreDataStack.h; sourceTree = "<group>"; };
		DB4D04321A80D879001A43BB /* AGTCoreDataStack.m */ = {isa = PBXFileReference; fileEncoding = 4; lastKnownFileType = sourcecode.c.objc; name = AGTCoreDataStack.m; path = Everpobre/AGTCoreDataStack.m; sourceTree = "<group>"; };
		DB4E8B691A7F916C00B5EC78 /* Everpobre.app */ = {isa = PBXFileReference; explicitFileType = wrapper.application; includeInIndex = 0; path = Everpobre.app; sourceTree = BUILT_PRODUCTS_DIR; };
		DB4E8B6D1A7F916C00B5EC78 /* Info.plist */ = {isa = PBXFileReference; lastKnownFileType = text.plist.xml; path = Info.plist; sourceTree = "<group>"; };
		DB4E8B6E1A7F916C00B5EC78 /* main.m */ = {isa = PBXFileReference; lastKnownFileType = sourcecode.c.objc; path = main.m; sourceTree = "<group>"; };
		DB4E8B701A7F916C00B5EC78 /* AppDelegate.h */ = {isa = PBXFileReference; lastKnownFileType = sourcecode.c.h; path = AppDelegate.h; sourceTree = "<group>"; };
		DB4E8B711A7F916C00B5EC78 /* AppDelegate.m */ = {isa = PBXFileReference; lastKnownFileType = sourcecode.c.objc; path = AppDelegate.m; sourceTree = "<group>"; };
		DB4E8B731A7F916C00B5EC78 /* Images.xcassets */ = {isa = PBXFileReference; lastKnownFileType = folder.assetcatalog; path = Images.xcassets; sourceTree = "<group>"; };
		DB4E8B761A7F916C00B5EC78 /* Base */ = {isa = PBXFileReference; lastKnownFileType = file.xib; name = Base; path = Base.lproj/LaunchScreen.xib; sourceTree = "<group>"; };
		DB4E8B7C1A7F916C00B5EC78 /* EverpobreTests.xctest */ = {isa = PBXFileReference; explicitFileType = wrapper.cfbundle; includeInIndex = 0; path = EverpobreTests.xctest; sourceTree = BUILT_PRODUCTS_DIR; };
		DB4E8B811A7F916D00B5EC78 /* Info.plist */ = {isa = PBXFileReference; lastKnownFileType = text.plist.xml; path = Info.plist; sourceTree = "<group>"; };
		DB4E8B821A7F916D00B5EC78 /* EverpobreTests.m */ = {isa = PBXFileReference; lastKnownFileType = sourcecode.c.objc; path = EverpobreTests.m; sourceTree = "<group>"; };
		DBD296851A82211100D0E5EE /* YOSNotebooksViewController.h */ = {isa = PBXFileReference; fileEncoding = 4; lastKnownFileType = sourcecode.c.h; name = YOSNotebooksViewController.h; path = Everpobre/YOSNotebooksViewController.h; sourceTree = "<group>"; };
		DBD296861A82211100D0E5EE /* YOSNotebooksViewController.m */ = {isa = PBXFileReference; fileEncoding = 4; lastKnownFileType = sourcecode.c.objc; name = YOSNotebooksViewController.m; path = Everpobre/YOSNotebooksViewController.m; sourceTree = "<group>"; };
		DBD296881A8238F400D0E5EE /* AGTCoreDataTableViewController.h */ = {isa = PBXFileReference; fileEncoding = 4; lastKnownFileType = sourcecode.c.h; name = AGTCoreDataTableViewController.h; path = Everpobre/AGTCoreDataTableViewController.h; sourceTree = "<group>"; };
		DBD296891A8238F400D0E5EE /* AGTCoreDataTableViewController.m */ = {isa = PBXFileReference; fileEncoding = 4; lastKnownFileType = sourcecode.c.objc; name = AGTCoreDataTableViewController.m; path = Everpobre/AGTCoreDataTableViewController.m; sourceTree = "<group>"; };
		DBD2968C1A823E2200D0E5EE /* UIViewController+Navigation.h */ = {isa = PBXFileReference; fileEncoding = 4; lastKnownFileType = sourcecode.c.h; path = "UIViewController+Navigation.h"; sourceTree = "<group>"; };
		DBD2968D1A823E2200D0E5EE /* UIViewController+Navigation.m */ = {isa = PBXFileReference; fileEncoding = 4; lastKnownFileType = sourcecode.c.objc; path = "UIViewController+Navigation.m"; sourceTree = "<group>"; };
/* End PBXFileReference section */

/* Begin PBXFrameworksBuildPhase section */
		DB4E8B661A7F916C00B5EC78 /* Frameworks */ = {
			isa = PBXFrameworksBuildPhase;
			buildActionMask = 2147483647;
			files = (
			);
			runOnlyForDeploymentPostprocessing = 0;
		};
		DB4E8B791A7F916C00B5EC78 /* Frameworks */ = {
			isa = PBXFrameworksBuildPhase;
			buildActionMask = 2147483647;
			files = (
			);
			runOnlyForDeploymentPostprocessing = 0;
		};
/* End PBXFrameworksBuildPhase section */

/* Begin PBXGroup section */
		DB4E8B601A7F916C00B5EC78 = {
			isa = PBXGroup;
			children = (
				DB4E8B6B1A7F916C00B5EC78 /* Everpobre */,
				DB4E8B7F1A7F916C00B5EC78 /* EverpobreTests */,
				DB4E8B6A1A7F916C00B5EC78 /* Products */,
			);
			sourceTree = "<group>";
		};
		DB4E8B6A1A7F916C00B5EC78 /* Products */ = {
			isa = PBXGroup;
			children = (
				DB4E8B691A7F916C00B5EC78 /* Everpobre.app */,
				DB4E8B7C1A7F916C00B5EC78 /* EverpobreTests.xctest */,
			);
			name = Products;
			sourceTree = "<group>";
		};
		DB4E8B6B1A7F916C00B5EC78 /* Everpobre */ = {
			isa = PBXGroup;
			children = (
				DBD2968B1A823DC600D0E5EE /* Categories */,
				DB4E8B8C1A7F950000B5EC78 /* Models */,
				DB4E8B701A7F916C00B5EC78 /* AppDelegate.h */,
				DB4E8B711A7F916C00B5EC78 /* AppDelegate.m */,
				DB4E8B731A7F916C00B5EC78 /* Images.xcassets */,
				DB4E8B751A7F916C00B5EC78 /* LaunchScreen.xib */,
				DB4E8B6C1A7F916C00B5EC78 /* Supporting Files */,
			);
			path = Everpobre;
			sourceTree = "<group>";
		};
		DB4E8B6C1A7F916C00B5EC78 /* Supporting Files */ = {
			isa = PBXGroup;
			children = (
				DB4E8B6D1A7F916C00B5EC78 /* Info.plist */,
				DB4E8B6E1A7F916C00B5EC78 /* main.m */,
			);
			name = "Supporting Files";
			sourceTree = "<group>";
		};
		DB4E8B7F1A7F916C00B5EC78 /* EverpobreTests */ = {
			isa = PBXGroup;
			children = (
				DB4E8B821A7F916D00B5EC78 /* EverpobreTests.m */,
				DB4E8B801A7F916D00B5EC78 /* Supporting Files */,
			);
			path = EverpobreTests;
			sourceTree = "<group>";
		};
		DB4E8B801A7F916D00B5EC78 /* Supporting Files */ = {
			isa = PBXGroup;
			children = (
				DB4E8B811A7F916D00B5EC78 /* Info.plist */,
			);
			name = "Supporting Files";
			sourceTree = "<group>";
		};
		DB4E8B8C1A7F950000B5EC78 /* Models */ = {
			isa = PBXGroup;
			children = (
				DBD296881A8238F400D0E5EE /* AGTCoreDataTableViewController.h */,
				DBD296891A8238F400D0E5EE /* AGTCoreDataTableViewController.m */,
				DB4D04311A80D879001A43BB /* AGTCoreDataStack.h */,
				DB4D04321A80D879001A43BB /* AGTCoreDataStack.m */,
				DB4D041C1A80D0AE001A43BB /* YOSNote.h */,
				DB4D041D1A80D0AE001A43BB /* YOSNote.m */,
				DB4D041E1A80D0AE001A43BB /* YOSNotebook.h */,
				DB4D041F1A80D0AE001A43BB /* YOSNotebook.m */,
				DB4D04201A80D0AE001A43BB /* YOSPhotoContainer.h */,
				DB4D04211A80D0AE001A43BB /* YOSPhotoContainer.m */,
				DB4E8BA21A7FABC500B5EC78 /* Machine */,
				DB4D04191A80CBF7001A43BB /* YOSEverpobreBaseClass.h */,
				DB4D041A1A80CBF7001A43BB /* YOSEverpobreBaseClass.m */,
				DB4D042B1A80D189001A43BB /* Model.xcdatamodeld */,
				DBD296851A82211100D0E5EE /* YOSNotebooksViewController.h */,
				DBD296861A82211100D0E5EE /* YOSNotebooksViewController.m */,
			);
			name = Models;
			path = ..;
			sourceTree = "<group>";
		};
		DB4E8BA21A7FABC500B5EC78 /* Machine */ = {
			isa = PBXGroup;
			children = (
				DB4D04251A80D189001A43BB /* _YOSNote.h */,
				DB4D04261A80D189001A43BB /* _YOSNote.m */,
				DB4D04271A80D189001A43BB /* _YOSNotebook.h */,
				DB4D04281A80D189001A43BB /* _YOSNotebook.m */,
				DB4D04291A80D189001A43BB /* _YOSPhotoContainer.h */,
				DB4D042A1A80D189001A43BB /* _YOSPhotoContainer.m */,
			);
			name = Machine;
			sourceTree = "<group>";
		};
		DBD2968B1A823DC600D0E5EE /* Categories */ = {
			isa = PBXGroup;
			children = (
				DBD2968C1A823E2200D0E5EE /* UIViewController+Navigation.h */,
				DBD2968D1A823E2200D0E5EE /* UIViewController+Navigation.m */,
			);
			name = Categories;
			sourceTree = "<group>";
		};
/* End PBXGroup section */

/* Begin PBXNativeTarget section */
		DB4E8B681A7F916C00B5EC78 /* Everpobre */ = {
			isa = PBXNativeTarget;
			buildConfigurationList = DB4E8B861A7F916D00B5EC78 /* Build configuration list for PBXNativeTarget "Everpobre" */;
			buildPhases = (
				DB4E8B651A7F916C00B5EC78 /* Sources */,
				DB4E8B661A7F916C00B5EC78 /* Frameworks */,
				DB4E8B671A7F916C00B5EC78 /* Resources */,
			);
			buildRules = (
			);
			dependencies = (
			);
			name = Everpobre;
			productName = Everpobre;
			productReference = DB4E8B691A7F916C00B5EC78 /* Everpobre.app */;
			productType = "com.apple.product-type.application";
		};
		DB4E8B7B1A7F916C00B5EC78 /* EverpobreTests */ = {
			isa = PBXNativeTarget;
			buildConfigurationList = DB4E8B891A7F916D00B5EC78 /* Build configuration list for PBXNativeTarget "EverpobreTests" */;
			buildPhases = (
				DB4E8B781A7F916C00B5EC78 /* Sources */,
				DB4E8B791A7F916C00B5EC78 /* Frameworks */,
				DB4E8B7A1A7F916C00B5EC78 /* Resources */,
			);
			buildRules = (
			);
			dependencies = (
				DB4E8B7E1A7F916C00B5EC78 /* PBXTargetDependency */,
			);
			name = EverpobreTests;
			productName = EverpobreTests;
			productReference = DB4E8B7C1A7F916C00B5EC78 /* EverpobreTests.xctest */;
			productType = "com.apple.product-type.bundle.unit-test";
		};
/* End PBXNativeTarget section */

/* Begin PBXProject section */
		DB4E8B611A7F916C00B5EC78 /* Project object */ = {
			isa = PBXProject;
			attributes = {
				LastUpgradeCheck = 0610;
				ORGANIZATIONNAME = YOS;
				TargetAttributes = {
					DB4E8B681A7F916C00B5EC78 = {
						CreatedOnToolsVersion = 6.1.1;
					};
					DB4E8B7B1A7F916C00B5EC78 = {
						CreatedOnToolsVersion = 6.1.1;
						TestTargetID = DB4E8B681A7F916C00B5EC78;
					};
				};
			};
			buildConfigurationList = DB4E8B641A7F916C00B5EC78 /* Build configuration list for PBXProject "Everpobre" */;
			compatibilityVersion = "Xcode 3.2";
			developmentRegion = English;
			hasScannedForEncodings = 0;
			knownRegions = (
				en,
				Base,
			);
			mainGroup = DB4E8B601A7F916C00B5EC78;
			productRefGroup = DB4E8B6A1A7F916C00B5EC78 /* Products */;
			projectDirPath = "";
			projectRoot = "";
			targets = (
				DB4E8B681A7F916C00B5EC78 /* Everpobre */,
				DB4E8B7B1A7F916C00B5EC78 /* EverpobreTests */,
			);
		};
/* End PBXProject section */

/* Begin PBXResourcesBuildPhase section */
		DB4E8B671A7F916C00B5EC78 /* Resources */ = {
			isa = PBXResourcesBuildPhase;
			buildActionMask = 2147483647;
			files = (
				DB4E8B771A7F916C00B5EC78 /* LaunchScreen.xib in Resources */,
				DB4E8B741A7F916C00B5EC78 /* Images.xcassets in Resources */,
			);
			runOnlyForDeploymentPostprocessing = 0;
		};
		DB4E8B7A1A7F916C00B5EC78 /* Resources */ = {
			isa = PBXResourcesBuildPhase;
			buildActionMask = 2147483647;
			files = (
			);
			runOnlyForDeploymentPostprocessing = 0;
		};
/* End PBXResourcesBuildPhase section */

/* Begin PBXSourcesBuildPhase section */
		DB4E8B651A7F916C00B5EC78 /* Sources */ = {
			isa = PBXSourcesBuildPhase;
			buildActionMask = 2147483647;
			files = (
				DB4D04331A80D879001A43BB /* AGTCoreDataStack.m in Sources */,
				DB4E8B721A7F916C00B5EC78 /* AppDelegate.m in Sources */,
				DB4D042D1A80D189001A43BB /* _YOSNote.m in Sources */,
				DBD296871A82211100D0E5EE /* YOSNotebooksViewController.m in Sources */,
				DBD2968E1A823E2200D0E5EE /* UIViewController+Navigation.m in Sources */,
				DB4D04241A80D0AE001A43BB /* YOSPhotoContainer.m in Sources */,
				DB4D041B1A80CBF7001A43BB /* YOSEverpobreBaseClass.m in Sources */,
				DB4D042E1A80D189001A43BB /* _YOSNotebook.m in Sources */,
				DB4D04221A80D0AE001A43BB /* YOSNote.m in Sources */,
				DBD2968A1A8238F400D0E5EE /* AGTCoreDataTableViewController.m in Sources */,
				DB4E8B6F1A7F916C00B5EC78 /* main.m in Sources */,
				DB4D04301A80D189001A43BB /* Model.xcdatamodeld in Sources */,
				DB4D04231A80D0AE001A43BB /* YOSNotebook.m in Sources */,
				DB4D042F1A80D189001A43BB /* _YOSPhotoContainer.m in Sources */,
			);
			runOnlyForDeploymentPostprocessing = 0;
		};
		DB4E8B781A7F916C00B5EC78 /* Sources */ = {
			isa = PBXSourcesBuildPhase;
			buildActionMask = 2147483647;
			files = (
				DB4E8B831A7F916D00B5EC78 /* EverpobreTests.m in Sources */,
			);
			runOnlyForDeploymentPostprocessing = 0;
		};
/* End PBXSourcesBuildPhase section */

/* Begin PBXTargetDependency section */
		DB4E8B7E1A7F916C00B5EC78 /* PBXTargetDependency */ = {
			isa = PBXTargetDependency;
			target = DB4E8B681A7F916C00B5EC78 /* Everpobre */;
			targetProxy = DB4E8B7D1A7F916C00B5EC78 /* PBXContainerItemProxy */;
		};
/* End PBXTargetDependency section */

/* Begin PBXVariantGroup section */
		DB4E8B751A7F916C00B5EC78 /* LaunchScreen.xib */ = {
			isa = PBXVariantGroup;
			children = (
				DB4E8B761A7F916C00B5EC78 /* Base */,
			);
			name = LaunchScreen.xib;
			sourceTree = "<group>";
		};
/* End PBXVariantGroup section */

/* Begin XCBuildConfiguration section */
		DB4E8B841A7F916D00B5EC78 /* Debug */ = {
			isa = XCBuildConfiguration;
			buildSettings = {
				ALWAYS_SEARCH_USER_PATHS = NO;
				CLANG_CXX_LANGUAGE_STANDARD = "gnu++0x";
				CLANG_CXX_LIBRARY = "libc++";
				CLANG_ENABLE_MODULES = YES;
				CLANG_ENABLE_OBJC_ARC = YES;
				CLANG_WARN_BOOL_CONVERSION = YES;
				CLANG_WARN_CONSTANT_CONVERSION = YES;
				CLANG_WARN_DIRECT_OBJC_ISA_USAGE = YES_ERROR;
				CLANG_WARN_EMPTY_BODY = YES;
				CLANG_WARN_ENUM_CONVERSION = YES;
				CLANG_WARN_INT_CONVERSION = YES;
				CLANG_WARN_OBJC_ROOT_CLASS = YES_ERROR;
				CLANG_WARN_UNREACHABLE_CODE = YES;
				CLANG_WARN__DUPLICATE_METHOD_MATCH = YES;
				"CODE_SIGN_IDENTITY[sdk=iphoneos*]" = "iPhone Developer";
				COPY_PHASE_STRIP = NO;
				ENABLE_STRICT_OBJC_MSGSEND = YES;
				GCC_C_LANGUAGE_STANDARD = gnu99;
				GCC_DYNAMIC_NO_PIC = NO;
				GCC_OPTIMIZATION_LEVEL = 0;
				GCC_PREPROCESSOR_DEFINITIONS = (
					"DEBUG=1",
					"$(inherited)",
				);
				GCC_SYMBOLS_PRIVATE_EXTERN = NO;
				GCC_WARN_64_TO_32_BIT_CONVERSION = YES;
				GCC_WARN_ABOUT_RETURN_TYPE = YES_ERROR;
				GCC_WARN_UNDECLARED_SELECTOR = YES;
				GCC_WARN_UNINITIALIZED_AUTOS = YES_AGGRESSIVE;
				GCC_WARN_UNUSED_FUNCTION = YES;
				GCC_WARN_UNUSED_VARIABLE = YES;
				IPHONEOS_DEPLOYMENT_TARGET = 8.1;
				MTL_ENABLE_DEBUG_INFO = YES;
				ONLY_ACTIVE_ARCH = YES;
				SDKROOT = iphoneos;
			};
			name = Debug;
		};
		DB4E8B851A7F916D00B5EC78 /* Release */ = {
			isa = XCBuildConfiguration;
			buildSettings = {
				ALWAYS_SEARCH_USER_PATHS = NO;
				CLANG_CXX_LANGUAGE_STANDARD = "gnu++0x";
				CLANG_CXX_LIBRARY = "libc++";
				CLANG_ENABLE_MODULES = YES;
				CLANG_ENABLE_OBJC_ARC = YES;
				CLANG_WARN_BOOL_CONVERSION = YES;
				CLANG_WARN_CONSTANT_CONVERSION = YES;
				CLANG_WARN_DIRECT_OBJC_ISA_USAGE = YES_ERROR;
				CLANG_WARN_EMPTY_BODY = YES;
				CLANG_WARN_ENUM_CONVERSION = YES;
				CLANG_WARN_INT_CONVERSION = YES;
				CLANG_WARN_OBJC_ROOT_CLASS = YES_ERROR;
				CLANG_WARN_UNREACHABLE_CODE = YES;
				CLANG_WARN__DUPLICATE_METHOD_MATCH = YES;
				"CODE_SIGN_IDENTITY[sdk=iphoneos*]" = "iPhone Developer";
				COPY_PHASE_STRIP = YES;
				ENABLE_NS_ASSERTIONS = NO;
				ENABLE_STRICT_OBJC_MSGSEND = YES;
				GCC_C_LANGUAGE_STANDARD = gnu99;
				GCC_WARN_64_TO_32_BIT_CONVERSION = YES;
				GCC_WARN_ABOUT_RETURN_TYPE = YES_ERROR;
				GCC_WARN_UNDECLARED_SELECTOR = YES;
				GCC_WARN_UNINITIALIZED_AUTOS = YES_AGGRESSIVE;
				GCC_WARN_UNUSED_FUNCTION = YES;
				GCC_WARN_UNUSED_VARIABLE = YES;
				IPHONEOS_DEPLOYMENT_TARGET = 8.1;
				MTL_ENABLE_DEBUG_INFO = NO;
				SDKROOT = iphoneos;
				VALIDATE_PRODUCT = YES;
			};
			name = Release;
		};
		DB4E8B871A7F916D00B5EC78 /* Debug */ = {
			isa = XCBuildConfiguration;
			buildSettings = {
				ASSETCATALOG_COMPILER_APPICON_NAME = AppIcon;
				INFOPLIST_FILE = Everpobre/Info.plist;
				LD_RUNPATH_SEARCH_PATHS = "$(inherited) @executable_path/Frameworks";
				PRODUCT_NAME = "$(TARGET_NAME)";
			};
			name = Debug;
		};
		DB4E8B881A7F916D00B5EC78 /* Release */ = {
			isa = XCBuildConfiguration;
			buildSettings = {
				ASSETCATALOG_COMPILER_APPICON_NAME = AppIcon;
				INFOPLIST_FILE = Everpobre/Info.plist;
				LD_RUNPATH_SEARCH_PATHS = "$(inherited) @executable_path/Frameworks";
				PRODUCT_NAME = "$(TARGET_NAME)";
			};
			name = Release;
		};
		DB4E8B8A1A7F916D00B5EC78 /* Debug */ = {
			isa = XCBuildConfiguration;
			buildSettings = {
				BUNDLE_LOADER = "$(TEST_HOST)";
				FRAMEWORK_SEARCH_PATHS = (
					"$(SDKROOT)/Developer/Library/Frameworks",
					"$(inherited)",
				);
				GCC_PREPROCESSOR_DEFINITIONS = (
					"DEBUG=1",
					"$(inherited)",
				);
				INFOPLIST_FILE = EverpobreTests/Info.plist;
				LD_RUNPATH_SEARCH_PATHS = "$(inherited) @executable_path/Frameworks @loader_path/Frameworks";
				PRODUCT_NAME = "$(TARGET_NAME)";
				TEST_HOST = "$(BUILT_PRODUCTS_DIR)/Everpobre.app/Everpobre";
			};
			name = Debug;
		};
		DB4E8B8B1A7F916D00B5EC78 /* Release */ = {
			isa = XCBuildConfiguration;
			buildSettings = {
				BUNDLE_LOADER = "$(TEST_HOST)";
				FRAMEWORK_SEARCH_PATHS = (
					"$(SDKROOT)/Developer/Library/Frameworks",
					"$(inherited)",
				);
				INFOPLIST_FILE = EverpobreTests/Info.plist;
				LD_RUNPATH_SEARCH_PATHS = "$(inherited) @executable_path/Frameworks @loader_path/Frameworks";
				PRODUCT_NAME = "$(TARGET_NAME)";
				TEST_HOST = "$(BUILT_PRODUCTS_DIR)/Everpobre.app/Everpobre";
			};
			name = Release;
		};
/* End XCBuildConfiguration section */

/* Begin XCConfigurationList section */
		DB4E8B641A7F916C00B5EC78 /* Build configuration list for PBXProject "Everpobre" */ = {
			isa = XCConfigurationList;
			buildConfigurations = (
				DB4E8B841A7F916D00B5EC78 /* Debug */,
				DB4E8B851A7F916D00B5EC78 /* Release */,
			);
			defaultConfigurationIsVisible = 0;
			defaultConfigurationName = Release;
		};
		DB4E8B861A7F916D00B5EC78 /* Build configuration list for PBXNativeTarget "Everpobre" */ = {
			isa = XCConfigurationList;
			buildConfigurations = (
				DB4E8B871A7F916D00B5EC78 /* Debug */,
				DB4E8B881A7F916D00B5EC78 /* Release */,
			);
			defaultConfigurationIsVisible = 0;
			defaultConfigurationName = Release;
		};
		DB4E8B891A7F916D00B5EC78 /* Build configuration list for PBXNativeTarget "EverpobreTests" */ = {
			isa = XCConfigurationList;
			buildConfigurations = (
				DB4E8B8A1A7F916D00B5EC78 /* Debug */,
				DB4E8B8B1A7F916D00B5EC78 /* Release */,
			);
			defaultConfigurationIsVisible = 0;
			defaultConfigurationName = Release;
		};
/* End XCConfigurationList section */

/* Begin XCVersionGroup section */
		DB4D042B1A80D189001A43BB /* Model.xcdatamodeld */ = {
			isa = XCVersionGroup;
			children = (
				DB4D042C1A80D189001A43BB /* Model.xcdatamodel */,
			);
			currentVersion = DB4D042C1A80D189001A43BB /* Model.xcdatamodel */;
			name = Model.xcdatamodeld;
			path = Everpobre/Model.xcdatamodeld;
			sourceTree = "<group>";
			versionGroupType = wrapper.xcdatamodel;
		};
/* End XCVersionGroup section */
	};
	rootObject = DB4E8B611A7F916C00B5EC78 /* Project object */;
}
